
Microsoft Visual Studio Solution File, Format Version 12.00
# Visual Studio 15
VisualStudioVersion = 15.0.27703.2026
MinimumVisualStudioVersion = 10.0.40219.1
Project("{9A19103F-16F7-4668-BE54-9A1E7A4F7556}") = "LastSeenWeb.Core", "LastSeenWeb.Core\LastSeenWeb.Core.csproj", "{1936FE3F-A720-4B64-BD17-8FF6E23132AC}"
EndProject
Project("{9A19103F-16F7-4668-BE54-9A1E7A4F7556}") = "LastSeenWeb.Data", "LastSeenWeb.Data\LastSeenWeb.Data.csproj", "{E1970825-3FD9-4045-A3F6-94FDFFFA5827}"
EndProject
Project("{9A19103F-16F7-4668-BE54-9A1E7A4F7556}") = "LastSeenWeb.Data.Identity", "LastSeenWeb.Data.Identity\LastSeenWeb.Data.Identity.csproj", "{0CC2A5B7-C44E-4E07-8E93-3623DFD4166F}"
EndProject
Project("{9A19103F-16F7-4668-BE54-9A1E7A4F7556}") = "LastSeenWeb.Tests", "LastSeenWeb.Tests\LastSeenWeb.Tests.csproj", "{04A1A7F9-EFB5-449A-A3E9-5F1F827F43A7}"
EndProject
Project("{2150E333-8FDC-42A3-9474-1A3956D46DE8}") = "10 Presentation", "10 Presentation", "{F05B92E2-1764-4C7B-A0A6-D52E5A671578}"
EndProject
Project("{2150E333-8FDC-42A3-9474-1A3956D46DE8}") = "20 Business", "20 Business", "{8B4143AC-FDCB-4BC0-9850-41BDC887380F}"
EndProject
Project("{2150E333-8FDC-42A3-9474-1A3956D46DE8}") = "30 Domain", "30 Domain", "{1652532A-52E4-4C50-92DA-F4A9B3D46A43}"
EndProject
Project("{2150E333-8FDC-42A3-9474-1A3956D46DE8}") = "40 Data", "40 Data", "{B7748D8D-FD67-4F46-92D8-49F7C21A30D3}"
EndProject
Project("{9A19103F-16F7-4668-BE54-9A1E7A4F7556}") = "LastSeenWeb.Domain", "LastSeenWeb.Domain\LastSeenWeb.Domain.csproj", "{2DE8C951-9DB0-4206-80E6-FDDDE2C12077}"
EndProject
Project("{9A19103F-16F7-4668-BE54-9A1E7A4F7556}") = "LastSeenWeb.AngularFront", "LastSeenWeb.AngularFront\LastSeenWeb.AngularFront.csproj", "{2C597F12-706E-4E80-B357-A37F62DD044D}"
EndProject
Global
	GlobalSection(SolutionConfigurationPlatforms) = preSolution
		Debug|Any CPU = Debug|Any CPU
		Release|Any CPU = Release|Any CPU
	EndGlobalSection
	GlobalSection(ProjectConfigurationPlatforms) = postSolution
		{1936FE3F-A720-4B64-BD17-8FF6E23132AC}.Debug|Any CPU.ActiveCfg = Debug|Any CPU
		{1936FE3F-A720-4B64-BD17-8FF6E23132AC}.Debug|Any CPU.Build.0 = Debug|Any CPU
		{1936FE3F-A720-4B64-BD17-8FF6E23132AC}.Release|Any CPU.ActiveCfg = Release|Any CPU
		{1936FE3F-A720-4B64-BD17-8FF6E23132AC}.Release|Any CPU.Build.0 = Release|Any CPU
		{E1970825-3FD9-4045-A3F6-94FDFFFA5827}.Debug|Any CPU.ActiveCfg = Debug|Any CPU
		{E1970825-3FD9-4045-A3F6-94FDFFFA5827}.Debug|Any CPU.Build.0 = Debug|Any CPU
		{E1970825-3FD9-4045-A3F6-94FDFFFA5827}.Release|Any CPU.ActiveCfg = Release|Any CPU
		{E1970825-3FD9-4045-A3F6-94FDFFFA5827}.Release|Any CPU.Build.0 = Release|Any CPU
		{0CC2A5B7-C44E-4E07-8E93-3623DFD4166F}.Debug|Any CPU.ActiveCfg = Debug|Any CPU
		{0CC2A5B7-C44E-4E07-8E93-3623DFD4166F}.Debug|Any CPU.Build.0 = Debug|Any CPU
		{0CC2A5B7-C44E-4E07-8E93-3623DFD4166F}.Release|Any CPU.ActiveCfg = Release|Any CPU
		{0CC2A5B7-C44E-4E07-8E93-3623DFD4166F}.Release|Any CPU.Build.0 = Release|Any CPU
		{04A1A7F9-EFB5-449A-A3E9-5F1F827F43A7}.Debug|Any CPU.ActiveCfg = Debug|Any CPU
		{04A1A7F9-EFB5-449A-A3E9-5F1F827F43A7}.Debug|Any CPU.Build.0 = Debug|Any CPU
		{04A1A7F9-EFB5-449A-A3E9-5F1F827F43A7}.Release|Any CPU.ActiveCfg = Release|Any CPU
		{04A1A7F9-EFB5-449A-A3E9-5F1F827F43A7}.Release|Any CPU.Build.0 = Release|Any CPU
		{2DE8C951-9DB0-4206-80E6-FDDDE2C12077}.Debug|Any CPU.ActiveCfg = Debug|Any CPU
		{2DE8C951-9DB0-4206-80E6-FDDDE2C12077}.Debug|Any CPU.Build.0 = Debug|Any CPU
		{2DE8C951-9DB0-4206-80E6-FDDDE2C12077}.Release|Any CPU.ActiveCfg = Release|Any CPU
		{2DE8C951-9DB0-4206-80E6-FDDDE2C12077}.Release|Any CPU.Build.0 = Release|Any CPU
		{2C597F12-706E-4E80-B357-A37F62DD044D}.Debug|Any CPU.ActiveCfg = Debug|Any CPU
		{2C597F12-706E-4E80-B357-A37F62DD044D}.Debug|Any CPU.Build.0 = Debug|Any CPU
		{2C597F12-706E-4E80-B357-A37F62DD044D}.Release|Any CPU.ActiveCfg = Release|Any CPU
		{2C597F12-706E-4E80-B357-A37F62DD044D}.Release|Any CPU.Build.0 = Release|Any CPU
	EndGlobalSection
	GlobalSection(SolutionProperties) = preSolution
		HideSolutionNode = FALSE
	EndGlobalSection
	GlobalSection(NestedProjects) = preSolution
		{1936FE3F-A720-4B64-BD17-8FF6E23132AC} = {8B4143AC-FDCB-4BC0-9850-41BDC887380F}
		{E1970825-3FD9-4045-A3F6-94FDFFFA5827} = {B7748D8D-FD67-4F46-92D8-49F7C21A30D3}
		{0CC2A5B7-C44E-4E07-8E93-3623DFD4166F} = {B7748D8D-FD67-4F46-92D8-49F7C21A30D3}
		{04A1A7F9-EFB5-449A-A3E9-5F1F827F43A7} = {8B4143AC-FDCB-4BC0-9850-41BDC887380F}
		{2DE8C951-9DB0-4206-80E6-FDDDE2C12077} = {1652532A-52E4-4C50-92DA-F4A9B3D46A43}
		{2C597F12-706E-4E80-B357-A37F62DD044D} = {F05B92E2-1764-4C7B-A0A6-D52E5A671578}
	EndGlobalSection
	GlobalSection(ExtensibilityGlobals) = postSolution
		SolutionGuid = {D048A925-A856-40F1-99A9-A495D14B24D0}
	EndGlobalSection
EndGlobal
